schema: '2.0'
stages:
  preprocess:
    cmd: python -m scripts.preprocess
    deps:
    - path: data/raw/retailrocket
      hash: md5
      md5: 19cdee87944c59fc15c51396fe37cd88.dir
      size: 987498023
      nfiles: 4
    - path: scripts/preprocess.py
      hash: md5
      md5: a25419c79239c41399bfa8c8c26eddf8
      size: 1394
    - path: src/ecommerce_recommender/data_loaders
      hash: md5
      md5: f101a42052cb4dafe6093b417278961f.dir
      size: 12936
      nfiles: 8
    - path: src/ecommerce_recommender/preprocessing/cleaning.py
      hash: md5
      md5: afe236d63bbdc8b21096d3fb6bb3959b
      size: 719
    outs:
    - path: data/interim/events_clean.parquet
      hash: md5
      md5: 6f5690fcfeaed82987dad27e62eacf12
      size: 33474895
  feature_eng:
    cmd: python -m scripts.feature_eng
    deps:
    - path: data/interim/events_clean.parquet
      hash: md5
      md5: 6f5690fcfeaed82987dad27e62eacf12
      size: 33474895
    - path: scripts/feature_eng.py
      hash: md5
      md5: e89a3b4132acc477c9f7b4c83a4511af
      size: 2886
    - path: src/ecommerce_recommender/preprocessing/encoding.py
      hash: md5
      md5: 2f1abc31bcae030833a660b05b80d2d2
      size: 2590
    - path: src/ecommerce_recommender/preprocessing/splitting.py
      hash: md5
      md5: d429e0f5e496928a5424d73e852b541c
      size: 1774
    params:
      params.yaml:
        split.test_fraction: 0.1
        split.val_fraction: 0.1
    outs:
    - path: data/processed/item_id_map.json
      hash: md5
      md5: 6ab830e61e52e679e12f4605063423ca
      size: 4063883
    - path: data/processed/test.parquet
      hash: md5
      md5: 5f3a534f0e20b88c34aab02f30aa19ec
      size: 6019059
    - path: data/processed/train.parquet
      hash: md5
      md5: 525c4f8ba084d2817493d110516e6b17
      size: 41085418
    - path: data/processed/user_id_map.json
      hash: md5
      md5: 29a5b7c2a54dd3ff793a63e624e3b41e
      size: 25929380
    - path: data/processed/val.parquet
      hash: md5
      md5: 80c8af4b875d8979ef5b911bf4ce9ce8
      size: 6015427
  train:
    cmd: python -m scripts.train
    deps:
    - path: data/processed/item_id_map.json
      hash: md5
      md5: 6ab830e61e52e679e12f4605063423ca
      size: 4063883
    - path: data/processed/train.parquet
      hash: md5
      md5: 525c4f8ba084d2817493d110516e6b17
      size: 41085418
    - path: data/processed/user_id_map.json
      hash: md5
      md5: 29a5b7c2a54dd3ff793a63e624e3b41e
      size: 25929380
    - path: data/processed/val.parquet
      hash: md5
      md5: 80c8af4b875d8979ef5b911bf4ce9ce8
      size: 6015427
    - path: scripts/train.py
      hash: md5
      md5: 0930a28122d9966d72fded5cb29253a0
      size: 5162
    - path: src/ecommerce_recommender/models
      hash: md5
      md5: dd495a9ffee7e1bcf5d7e9e4080c1dbe.dir
      size: 49617
      nfiles: 10
    params:
      params.yaml:
        seed: 42
        train.ncf:
          embedding_dim: 32
          hidden_dims:
          - 64
          - 32
          negatives_per_positive: 4
          batch_size: 32768
          max_epochs: 5
          patience: 2
          learning_rate: 0.001
    outs:
    - path: models/item_knn.joblib
      hash: md5
      md5: 1ab774c0ca0294501b80419381ec1714
      size: 29864945
    - path: models/ncf.pt
      hash: md5
      md5: a59d8b4c40b0373b1b0a1f35414f2307
      size: 210286477
    - path: models/train_history.json
      hash: md5
      md5: bea2454d18e7009762bfe211e9b68caf
      size: 521
  evaluate:
    cmd: python -m scripts.evaluate
    deps:
    - path: data/processed/test.parquet
      hash: md5
      md5: 5f3a534f0e20b88c34aab02f30aa19ec
      size: 6019059
    - path: models/item_knn.joblib
      hash: md5
      md5: 1ab774c0ca0294501b80419381ec1714
      size: 29864945
    - path: models/ncf.pt
      hash: md5
      md5: a59d8b4c40b0373b1b0a1f35414f2307
      size: 210286477
    - path: scripts/evaluate.py
      hash: md5
      md5: 8d04ffcfbefb75b0e735e3b09470c331
      size: 8698
    - path: src/ecommerce_recommender/evaluation
      hash: md5
      md5: a59ffb611720f83fe140b4cf4fec599c.dir
      size: 12269
      nfiles: 6
    - path: src/ecommerce_recommender/models
      hash: md5
      md5: dd495a9ffee7e1bcf5d7e9e4080c1dbe.dir
      size: 49617
      nfiles: 10
    params:
      params.yaml:
        evaluate:
          k: 10
          n_candidate_negatives: 99
          eval_sample_size: 2000
        seed: 42
    outs:
    - path: metrics.json
      hash: md5
      md5: 9f89cd40ee859bbb49a914a5c682acf3
      size: 280
